<?xml version="1.0" encoding="utf-8"?>
<Project ToolsVersion="4.0" xmlns="http://schemas.microsoft.com/developer/msbuild/2003">
  <ItemGroup>
    <Filter Include="源文件">
      <UniqueIdentifier>{4FC737F1-C7A5-4376-A066-2A32D752A2FF}</UniqueIdentifier>
      <Extensions>cpp;c;cc;cxx;c++;cppm;ixx;def;odl;idl;hpj;bat;asm;asmx</Extensions>
    </Filter>
    <Filter Include="头文件">
      <UniqueIdentifier>{93995380-89BD-4b04-88EB-625FBE52EBFB}</UniqueIdentifier>
      <Extensions>h;hh;hpp;hxx;h++;hm;inl;inc;ipp;xsd</Extensions>
    </Filter>
    <Filter Include="资源文件">
      <UniqueIdentifier>{67DA6AB6-F800-4c08-8B7A-83BB121AAD01}</UniqueIdentifier>
      <Extensions>rc;ico;cur;bmp;dlg;rc2;rct;bin;rgs;gif;jpg;jpeg;jpe;resx;tiff;tif;png;wav;mfcribbon-ms</Extensions>
    </Filter>
  </ItemGroup>
  <ItemGroup>
    <ClInclude Include="MDGameMode.h">
      <Filter>头文件</Filter>
    </ClInclude>
    <ClInclude Include="MDPlayerController.h">
      <Filter>头文件</Filter>
    </ClInclude>
    <ClInclude Include="MDPawn.h">
      <Filter>头文件</Filter>
    </ClInclude>
    <ClInclude Include="MDPlayerState.h">
      <Filter>头文件</Filter>
    </ClInclude>
    <ClInclude Include="MDDiamond.h">
      <Filter>头文件</Filter>
    </ClInclude>
    <ClInclude Include="MDRenderComponent.h">
      <Filter>头文件</Filter>
    </ClInclude>
    <ClInclude Include="MDSceneComponent.h">
      <Filter>头文件</Filter>
    </ClInclude>
    <ClInclude Include="MDActor.h">
      <Filter>头文件</Filter>
    </ClInclude>
    <ClInclude Include="MDDefines.h">
      <Filter>头文件</Filter>
    </ClInclude>
    <ClInclude Include="MDScene.h">
      <Filter>头文件</Filter>
    </ClInclude>
    <ClInclude Include="MDMovementComponent.h">
      <Filter>头文件</Filter>
    </ClInclude>
    <ClInclude Include="MDGameState.h">
      <Filter>头文件</Filter>
    </ClInclude>
    <ClInclude Include="MDDiamondUtilities.h">
      <Filter>头文件</Filter>
    </ClInclude>
    <ClInclude Include="MDDebugger.h">
      <Filter>头文件</Filter>
    </ClInclude>
  </ItemGroup>
  <ItemGroup>
    <ClCompile Include="MDGameMode.cpp">
      <Filter>源文件</Filter>
    </ClCompile>
    <ClCompile Include="MDPlayerController.cpp">
      <Filter>源文件</Filter>
    </ClCompile>
    <ClCompile Include="MDPawn.cpp">
      <Filter>源文件</Filter>
    </ClCompile>
    <ClCompile Include="main.cpp">
      <Filter>源文件</Filter>
    </ClCompile>
    <ClCompile Include="MDPlayerState.cpp">
      <Filter>源文件</Filter>
    </ClCompile>
    <ClCompile Include="MDDiamond.cpp">
      <Filter>源文件</Filter>
    </ClCompile>
    <ClCompile Include="MDRenderComponent.cpp">
      <Filter>源文件</Filter>
    </ClCompile>
    <ClCompile Include="MDSceneComponent.cpp">
      <Filter>源文件</Filter>
    </ClCompile>
    <ClCompile Include="MDActor.cpp">
      <Filter>源文件</Filter>
    </ClCompile>
    <ClCompile Include="MDScene.cpp">
      <Filter>源文件</Filter>
    </ClCompile>
    <ClCompile Include="MDMovementComponent.cpp">
      <Filter>源文件</Filter>
    </ClCompile>
    <ClCompile Include="MDGameState.cpp">
      <Filter>源文件</Filter>
    </ClCompile>
    <ClCompile Include="MDDiamondUtilities.cpp">
      <Filter>源文件</Filter>
    </ClCompile>
    <ClCompile Include="MDDebugger.cpp">
      <Filter>源文件</Filter>
    </ClCompile>
  </ItemGroup>
</Project>